# This file is automatically @generated by Cargo.
# It is not intended for manual editing.
version = 4

[[package]]
name = "gameforgo-domain"
version = "0.1.0"

[[package]]
name = "gameforgo-event-journal"
version = "0.1.0"

[[package]]
name = "gameforgo-persistence"
version = "0.1.0"
dependencies = [
 "gameforgo-event-journal",
 "gameforgo-project-documents",
]

[[package]]
name = "gameforgo-project-documents"
version = "0.1.0"
dependencies = [
 "gameforgo-domain",
]
